{
  "name": "disk",
  "lockfileVersion": 3,
  "requires": true,
  "packages": {
    "": {
      "dependencies": {
        "@archildata/native": "npm:@archildata/client@^0.8.8",
        "disk": "^0.8.8"
      }
    },
    "node_modules/@archildata/native": {
      "name": "@archildata/client",
      "version": "0.8.8",
      "resolved": "https://registry.npmjs.org/@archildata/client/-/client-0.8.8.tgz",
      "integrity": "sha512-tqe6YqCwwrMcP8IuHgWlJrDqUIIx8Q/12o+9dedCGYF/1O9MvKUmIHdqYIlHbDKpFa3BJWdTO72tb6d7LRMmJg==",
      "license": "UNLICENSED",
      "dependencies": {
        "openapi-fetch": "^0.13.5"
      },
      "engines": {
        "node": ">= 18"
      }
    },
    "node_modules/commander": {
      "version": "14.0.3",
      "resolved": "https://registry.npmjs.org/commander/-/commander-14.0.3.tgz",
      "integrity": "sha512-H+y0Jo/T1RZ9qPP4Eh1pkcQcLRglraJaSLoyOtHxu6AapkjWVCy2Sit1QQ4x3Dng8qDlSsZEet7g5Pq06MvTgw==",
      "license": "MIT",
      "engines": {
        "node": ">=20"
      }
    },
    "node_modules/disk": {
      "version": "0.8.8",
      "resolved": "https://registry.npmjs.org/disk/-/disk-0.8.8.tgz",
      "integrity": "sha512-ynITXpbox9az6UlIuauKljCmQCD5FlE7B4xOgQs5CxmSlOiECzEmIohZe8WnIGzBeC9LaN6CRJfShBnU4Lk9AQ==",
      "license": "MIT",
      "dependencies": {
        "commander": "^14.0.3",
        "openapi-fetch": "^0.13.5"
      },
      "bin": {
        "disk": "dist/cli.js"
      },
      "engines": {
        "node": ">= 18"
      }
    },
    "node_modules/openapi-fetch": {
      "version": "0.13.8",
      "resolved": "https://registry.npmjs.org/openapi-fetch/-/openapi-fetch-0.13.8.tgz",
      "integrity": "sha512-yJ4QKRyNxE44baQ9mY5+r/kAzZ8yXMemtNAOFwOzRXJscdjSxxzWSNlyBAr+o5JjkUw9Lc3W7OIoca0cY3PYnQ==",
      "license": "MIT",
      "dependencies": {
        "openapi-typescript-helpers": "^0.0.15"
      }
    },
    "node_modules/openapi-typescript-helpers": {
      "version": "0.0.15",
      "resolved": "https://registry.npmjs.org/openapi-typescript-helpers/-/openapi-typescript-helpers-0.0.15.tgz",
      "integrity": "sha512-opyTPaunsklCBpTK8JGef6mfPhLSnyy5a0IN9vKtx3+4aExf+KxEqYwIy3hqkedXIB97u357uLMJsOnm3GVjsw==",
      "license": "MIT"
    }
  }
}
